// !$*UTF8*$!
{
	archiveVersion = 1;
	classes = {
	};
	objectVersion = 56;
	objects = {

/* Begin PBXBuildFile section */
		0E0D616B2C55A165008823CC /* SpotifyRecentsCell.swift in Sources */ = {isa = PBXBuildFile; fileRef = 0E0D616A2C55A165008823CC /* SpotifyRecentsCell.swift */; };
		0E0D616D2C55A720008823CC /* SpotifyNewReleaseCell.swift in Sources */ = {isa = PBXBuildFile; fileRef = 0E0D616C2C55A720008823CC /* SpotifyNewReleaseCell.swift */; };
		0E0D616F2C55CB7E008823CC /* ImageTitleRowCell.swift in Sources */ = {isa = PBXBuildFile; fileRef = 0E0D616E2C55CB7E008823CC /* ImageTitleRowCell.swift */; };
		0E0D61712C55D711008823CC /* SpotifyPlaylistView.swift in Sources */ = {isa = PBXBuildFile; fileRef = 0E0D61702C55D711008823CC /* SpotifyPlaylistView.swift */; };
		0E0D61732C55D733008823CC /* PlaylistHeaderCell.swift in Sources */ = {isa = PBXBuildFile; fileRef = 0E0D61722C55D733008823CC /* PlaylistHeaderCell.swift */; };
		0E17545A2C56D42600A0AAF9 /* InterestPillView.swift in Sources */ = {isa = PBXBuildFile; fileRef = 0E1754592C56D42600A0AAF9 /* InterestPillView.swift */; };
		0E17545C2C56D57200A0AAF9 /* InterestPillGridView.swift in Sources */ = {isa = PBXBuildFile; fileRef = 0E17545B2C56D57200A0AAF9 /* InterestPillGridView.swift */; };
		0E2147092C55E7DF003ACAC4 /* PlaylistDescriptionCell.swift in Sources */ = {isa = PBXBuildFile; fileRef = 0E2147082C55E7DF003ACAC4 /* PlaylistDescriptionCell.swift */; };
		0E21470B2C55ED44003ACAC4 /* SongRowCell.swift in Sources */ = {isa = PBXBuildFile; fileRef = 0E21470A2C55ED44003ACAC4 /* SongRowCell.swift */; };
		0E302D6D2C56B16B0095B493 /* BumbleHomeView.swift in Sources */ = {isa = PBXBuildFile; fileRef = 0E302D6C2C56B16B0095B493 /* BumbleHomeView.swift */; };
		0E302D6F2C56B5720095B493 /* BumbleFilterView.swift in Sources */ = {isa = PBXBuildFile; fileRef = 0E302D6E2C56B5720095B493 /* BumbleFilterView.swift */; };
		0E302D712C56BABC0095B493 /* BumbleCardView.swift in Sources */ = {isa = PBXBuildFile; fileRef = 0E302D702C56BABC0095B493 /* BumbleCardView.swift */; };
		0E302D732C56BCF60095B493 /* BumbleHeartView.swift in Sources */ = {isa = PBXBuildFile; fileRef = 0E302D722C56BCF60095B493 /* BumbleHeartView.swift */; };
		0E636F422C57F6B9007E22CC /* NetflixHomeView.swift in Sources */ = {isa = PBXBuildFile; fileRef = 0E636F412C57F6B9007E22CC /* NetflixHomeView.swift */; };
		0E636F442C57F7AE007E22CC /* NetflixFilterCell.swift in Sources */ = {isa = PBXBuildFile; fileRef = 0E636F432C57F7AE007E22CC /* NetflixFilterCell.swift */; };
		0E636F462C57F92C007E22CC /* NetflixFilterBarView.swift in Sources */ = {isa = PBXBuildFile; fileRef = 0E636F452C57F92C007E22CC /* NetflixFilterBarView.swift */; };
		0E6E23C52C5729360052D756 /* BumbleProfileImageCell.swift in Sources */ = {isa = PBXBuildFile; fileRef = 0E6E23C42C5729360052D756 /* BumbleProfileImageCell.swift */; };
		0E6E23C72C572B540052D756 /* BumbleChatPreviewCell.swift in Sources */ = {isa = PBXBuildFile; fileRef = 0E6E23C62C572B540052D756 /* BumbleChatPreviewCell.swift */; };
		0E6E23C92C572D9C0052D756 /* BumbleChatsView.swift in Sources */ = {isa = PBXBuildFile; fileRef = 0E6E23C82C572D9C0052D756 /* BumbleChatsView.swift */; };
		0E8845992C5813DE00225AC9 /* NetflixHeroCell.swift in Sources */ = {isa = PBXBuildFile; fileRef = 0E8845982C5813DE00225AC9 /* NetflixHeroCell.swift */; };
		0E88459B2C581CDB00225AC9 /* NetflixMovieCell.swift in Sources */ = {isa = PBXBuildFile; fileRef = 0E88459A2C581CDB00225AC9 /* NetflixMovieCell.swift */; };
		0E8CBAF12C54EBBC001409EB /* ReUIApp.swift in Sources */ = {isa = PBXBuildFile; fileRef = 0E8CBAF02C54EBBC001409EB /* ReUIApp.swift */; };
		0E8CBAF32C54EBBC001409EB /* ContentView.swift in Sources */ = {isa = PBXBuildFile; fileRef = 0E8CBAF22C54EBBC001409EB /* ContentView.swift */; };
		0E8CBAF82C54EBBD001409EB /* Preview Assets.xcassets in Resources */ = {isa = PBXBuildFile; fileRef = 0E8CBAF72C54EBBD001409EB /* Preview Assets.xcassets */; };
		0E8CBB002C54EBEF001409EB /* ImageLoaderView.swift in Sources */ = {isa = PBXBuildFile; fileRef = 0E8CBAFF2C54EBEF001409EB /* ImageLoaderView.swift */; };
		0E8CBB032C54ECAC001409EB /* SDWebImage in Frameworks */ = {isa = PBXBuildFile; productRef = 0E8CBB022C54ECAC001409EB /* SDWebImage */; };
		0E8CBB052C54ECAC001409EB /* SDWebImageMapKit in Frameworks */ = {isa = PBXBuildFile; productRef = 0E8CBB042C54ECAC001409EB /* SDWebImageMapKit */; };
		0E8CBB072C54EDB2001409EB /* Constants.swift in Sources */ = {isa = PBXBuildFile; fileRef = 0E8CBB062C54EDB2001409EB /* Constants.swift */; };
		0E8CBB092C54F1D7001409EB /* DatabaseHelper.swift in Sources */ = {isa = PBXBuildFile; fileRef = 0E8CBB082C54F1D7001409EB /* DatabaseHelper.swift */; };
		0E8CBB0B2C54F2FE001409EB /* Product.swift in Sources */ = {isa = PBXBuildFile; fileRef = 0E8CBB0A2C54F2FE001409EB /* Product.swift */; };
		0E8CBB0D2C54F441001409EB /* User.swift in Sources */ = {isa = PBXBuildFile; fileRef = 0E8CBB0C2C54F441001409EB /* User.swift */; };
		0E8CBB102C54F630001409EB /* SwiftfulRouting in Frameworks */ = {isa = PBXBuildFile; productRef = 0E8CBB0F2C54F630001409EB /* SwiftfulRouting */; };
		0E8CBB132C54F668001409EB /* SwiftfulUI in Frameworks */ = {isa = PBXBuildFile; productRef = 0E8CBB122C54F668001409EB /* SwiftfulUI */; };
		0E8CBB162C54FD9A001409EB /* Assets.xcassets in Resources */ = {isa = PBXBuildFile; fileRef = 0E8CBB152C54FD9A001409EB /* Assets.xcassets */; };
		0E8CBB1D2C54FE48001409EB /* SpotifyHomeView.swift in Sources */ = {isa = PBXBuildFile; fileRef = 0E8CBB1C2C54FE48001409EB /* SpotifyHomeView.swift */; };
		0E8CBB1F2C54FE56001409EB /* Category.swift in Sources */ = {isa = PBXBuildFile; fileRef = 0E8CBB1E2C54FE56001409EB /* Category.swift */; };
		0E8CBB212C5501DD001409EB /* SpotifyCategoryCell.swift in Sources */ = {isa = PBXBuildFile; fileRef = 0E8CBB202C5501DD001409EB /* SpotifyCategoryCell.swift */; };
		0EC0A4452C594EB10012A1D1 /* NetflixMovieDetailsView.swift in Sources */ = {isa = PBXBuildFile; fileRef = 0EC0A4442C594EB00012A1D1 /* NetflixMovieDetailsView.swift */; };
		0EC0A4472C594F140012A1D1 /* NetflixDetailsHeaderView.swift in Sources */ = {isa = PBXBuildFile; fileRef = 0EC0A4462C594F140012A1D1 /* NetflixDetailsHeaderView.swift */; };
		0EC0A4492C5951A20012A1D1 /* NetflixDetailsProductView.swift in Sources */ = {isa = PBXBuildFile; fileRef = 0EC0A4482C5951A20012A1D1 /* NetflixDetailsProductView.swift */; };
		0EC0A44B2C5957020012A1D1 /* MyListButton.swift in Sources */ = {isa = PBXBuildFile; fileRef = 0EC0A44A2C5957020012A1D1 /* MyListButton.swift */; };
		0EC0A44D2C5958340012A1D1 /* RateButton.swift in Sources */ = {isa = PBXBuildFile; fileRef = 0EC0A44C2C5958340012A1D1 /* RateButton.swift */; };
		0EC0A44F2C5959AB0012A1D1 /* ShareButton.swift in Sources */ = {isa = PBXBuildFile; fileRef = 0EC0A44E2C5959AB0012A1D1 /* ShareButton.swift */; };
/* End PBXBuildFile section */

/* Begin PBXFileReference section */
		0E0D616A2C55A165008823CC /* SpotifyRecentsCell.swift */ = {isa = PBXFileReference; lastKnownFileType = sourcecode.swift; path = SpotifyRecentsCell.swift; sourceTree = "<group>"; };
		0E0D616C2C55A720008823CC /* SpotifyNewReleaseCell.swift */ = {isa = PBXFileReference; lastKnownFileType = sourcecode.swift; name = SpotifyNewReleaseCell.swift; path = ReUI/Spotify/Components/SpotifyNewReleaseCell.swift; sourceTree = SOURCE_ROOT; };
		0E0D616E2C55CB7E008823CC /* ImageTitleRowCell.swift */ = {isa = PBXFileReference; lastKnownFileType = sourcecode.swift; name = ImageTitleRowCell.swift; path = ReUI/Spotify/Components/ImageTitleRowCell.swift; sourceTree = SOURCE_ROOT; };
		0E0D61702C55D711008823CC /* SpotifyPlaylistView.swift */ = {isa = PBXFileReference; lastKnownFileType = sourcecode.swift; path = SpotifyPlaylistView.swift; sourceTree = "<group>"; };
		0E0D61722C55D733008823CC /* PlaylistHeaderCell.swift */ = {isa = PBXFileReference; lastKnownFileType = sourcecode.swift; path = PlaylistHeaderCell.swift; sourceTree = "<group>"; };
		0E1754592C56D42600A0AAF9 /* InterestPillView.swift */ = {isa = PBXFileReference; lastKnownFileType = sourcecode.swift; path = InterestPillView.swift; sourceTree = "<group>"; };
		0E17545B2C56D57200A0AAF9 /* InterestPillGridView.swift */ = {isa = PBXFileReference; lastKnownFileType = sourcecode.swift; path = InterestPillGridView.swift; sourceTree = "<group>"; };
		0E2147082C55E7DF003ACAC4 /* PlaylistDescriptionCell.swift */ = {isa = PBXFileReference; lastKnownFileType = sourcecode.swift; path = PlaylistDescriptionCell.swift; sourceTree = "<group>"; };
		0E21470A2C55ED44003ACAC4 /* SongRowCell.swift */ = {isa = PBXFileReference; lastKnownFileType = sourcecode.swift; path = SongRowCell.swift; sourceTree = "<group>"; };
		0E302D6C2C56B16B0095B493 /* BumbleHomeView.swift */ = {isa = PBXFileReference; lastKnownFileType = sourcecode.swift; path = BumbleHomeView.swift; sourceTree = "<group>"; };
		0E302D6E2C56B5720095B493 /* BumbleFilterView.swift */ = {isa = PBXFileReference; lastKnownFileType = sourcecode.swift; path = BumbleFilterView.swift; sourceTree = "<group>"; };
		0E302D702C56BABC0095B493 /* BumbleCardView.swift */ = {isa = PBXFileReference; lastKnownFileType = sourcecode.swift; path = BumbleCardView.swift; sourceTree = "<group>"; };
		0E302D722C56BCF60095B493 /* BumbleHeartView.swift */ = {isa = PBXFileReference; lastKnownFileType = sourcecode.swift; path = BumbleHeartView.swift; sourceTree = "<group>"; };
		0E636F412C57F6B9007E22CC /* NetflixHomeView.swift */ = {isa = PBXFileReference; lastKnownFileType = sourcecode.swift; path = NetflixHomeView.swift; sourceTree = "<group>"; };
		0E636F432C57F7AE007E22CC /* NetflixFilterCell.swift */ = {isa = PBXFileReference; lastKnownFileType = sourcecode.swift; path = NetflixFilterCell.swift; sourceTree = "<group>"; };
		0E636F452C57F92C007E22CC /* NetflixFilterBarView.swift */ = {isa = PBXFileReference; lastKnownFileType = sourcecode.swift; path = NetflixFilterBarView.swift; sourceTree = "<group>"; };
		0E6E23C42C5729360052D756 /* BumbleProfileImageCell.swift */ = {isa = PBXFileReference; lastKnownFileType = sourcecode.swift; path = BumbleProfileImageCell.swift; sourceTree = "<group>"; };
		0E6E23C62C572B540052D756 /* BumbleChatPreviewCell.swift */ = {isa = PBXFileReference; lastKnownFileType = sourcecode.swift; path = BumbleChatPreviewCell.swift; sourceTree = "<group>"; };
		0E6E23C82C572D9C0052D756 /* BumbleChatsView.swift */ = {isa = PBXFileReference; lastKnownFileType = sourcecode.swift; path = BumbleChatsView.swift; sourceTree = "<group>"; };
		0E8845982C5813DE00225AC9 /* NetflixHeroCell.swift */ = {isa = PBXFileReference; lastKnownFileType = sourcecode.swift; path = NetflixHeroCell.swift; sourceTree = "<group>"; };
		0E88459A2C581CDB00225AC9 /* NetflixMovieCell.swift */ = {isa = PBXFileReference; lastKnownFileType = sourcecode.swift; path = NetflixMovieCell.swift; sourceTree = "<group>"; };
		0E8CBAED2C54EBBC001409EB /* ReUI.app */ = {isa = PBXFileReference; explicitFileType = wrapper.application; includeInIndex = 0; path = ReUI.app; sourceTree = BUILT_PRODUCTS_DIR; };
		0E8CBAF02C54EBBC001409EB /* ReUIApp.swift */ = {isa = PBXFileReference; lastKnownFileType = sourcecode.swift; path = ReUIApp.swift; sourceTree = "<group>"; };
		0E8CBAF22C54EBBC001409EB /* ContentView.swift */ = {isa = PBXFileReference; lastKnownFileType = sourcecode.swift; path = ContentView.swift; sourceTree = "<group>"; };
		0E8CBAF72C54EBBD001409EB /* Preview Assets.xcassets */ = {isa = PBXFileReference; lastKnownFileType = folder.assetcatalog; path = "Preview Assets.xcassets"; sourceTree = "<group>"; };
		0E8CBAFF2C54EBEF001409EB /* ImageLoaderView.swift */ = {isa = PBXFileReference; lastKnownFileType = sourcecode.swift; path = ImageLoaderView.swift; sourceTree = "<group>"; };
		0E8CBB062C54EDB2001409EB /* Constants.swift */ = {isa = PBXFileReference; lastKnownFileType = sourcecode.swift; path = Constants.swift; sourceTree = "<group>"; };
		0E8CBB082C54F1D7001409EB /* DatabaseHelper.swift */ = {isa = PBXFileReference; lastKnownFileType = sourcecode.swift; path = DatabaseHelper.swift; sourceTree = "<group>"; };
		0E8CBB0A2C54F2FE001409EB /* Product.swift */ = {isa = PBXFileReference; lastKnownFileType = sourcecode.swift; path = Product.swift; sourceTree = "<group>"; };
		0E8CBB0C2C54F441001409EB /* User.swift */ = {isa = PBXFileReference; lastKnownFileType = sourcecode.swift; path = User.swift; sourceTree = "<group>"; };
		0E8CBB152C54FD9A001409EB /* Assets.xcassets */ = {isa = PBXFileReference; lastKnownFileType = folder.assetcatalog; path = Assets.xcassets; sourceTree = "<group>"; };
		0E8CBB1C2C54FE48001409EB /* SpotifyHomeView.swift */ = {isa = PBXFileReference; lastKnownFileType = sourcecode.swift; path = SpotifyHomeView.swift; sourceTree = "<group>"; };
		0E8CBB1E2C54FE56001409EB /* Category.swift */ = {isa = PBXFileReference; lastKnownFileType = sourcecode.swift; path = Category.swift; sourceTree = "<group>"; };
		0E8CBB202C5501DD001409EB /* SpotifyCategoryCell.swift */ = {isa = PBXFileReference; lastKnownFileType = sourcecode.swift; path = SpotifyCategoryCell.swift; sourceTree = "<group>"; };
		0EC0A4442C594EB00012A1D1 /* NetflixMovieDetailsView.swift */ = {isa = PBXFileReference; lastKnownFileType = sourcecode.swift; path = NetflixMovieDetailsView.swift; sourceTree = "<group>"; };
		0EC0A4462C594F140012A1D1 /* NetflixDetailsHeaderView.swift */ = {isa = PBXFileReference; lastKnownFileType = sourcecode.swift; path = NetflixDetailsHeaderView.swift; sourceTree = "<group>"; };
		0EC0A4482C5951A20012A1D1 /* NetflixDetailsProductView.swift */ = {isa = PBXFileReference; lastKnownFileType = sourcecode.swift; path = NetflixDetailsProductView.swift; sourceTree = "<group>"; };
		0EC0A44A2C5957020012A1D1 /* MyListButton.swift */ = {isa = PBXFileReference; lastKnownFileType = sourcecode.swift; path = MyListButton.swift; sourceTree = "<group>"; };
		0EC0A44C2C5958340012A1D1 /* RateButton.swift */ = {isa = PBXFileReference; lastKnownFileType = sourcecode.swift; path = RateButton.swift; sourceTree = "<group>"; };
		0EC0A44E2C5959AB0012A1D1 /* ShareButton.swift */ = {isa = PBXFileReference; lastKnownFileType = sourcecode.swift; path = ShareButton.swift; sourceTree = "<group>"; };
/* End PBXFileReference section */

/* Begin PBXFrameworksBuildPhase section */
		0E8CBAEA2C54EBBC001409EB /* Frameworks */ = {
			isa = PBXFrameworksBuildPhase;
			buildActionMask = 2147483647;
			files = (
				0E8CBB132C54F668001409EB /* SwiftfulUI in Frameworks */,
				0E8CBB052C54ECAC001409EB /* SDWebImageMapKit in Frameworks */,
				0E8CBB102C54F630001409EB /* SwiftfulRouting in Frameworks */,
				0E8CBB032C54ECAC001409EB /* SDWebImage in Frameworks */,
			);
			runOnlyForDeploymentPostprocessing = 0;
		};
/* End PBXFrameworksBuildPhase section */

/* Begin PBXGroup section */
		0E302D692C56B1330095B493 /* Bumble */ = {
			isa = PBXGroup;
			children = (
				0E302D6B2C56B1530095B493 /* Core */,
				0E302D6A2C56B1480095B493 /* Components */,
			);
			path = Bumble;
			sourceTree = "<group>";
		};
		0E302D6A2C56B1480095B493 /* Components */ = {
			isa = PBXGroup;
			children = (
				0E302D6E2C56B5720095B493 /* BumbleFilterView.swift */,
				0E302D702C56BABC0095B493 /* BumbleCardView.swift */,
				0E302D722C56BCF60095B493 /* BumbleHeartView.swift */,
				0E1754592C56D42600A0AAF9 /* InterestPillView.swift */,
				0E17545B2C56D57200A0AAF9 /* InterestPillGridView.swift */,
				0E6E23C42C5729360052D756 /* BumbleProfileImageCell.swift */,
				0E6E23C62C572B540052D756 /* BumbleChatPreviewCell.swift */,
			);
			path = Components;
			sourceTree = "<group>";
		};
		0E302D6B2C56B1530095B493 /* Core */ = {
			isa = PBXGroup;
			children = (
				0E302D6C2C56B16B0095B493 /* BumbleHomeView.swift */,
				0E6E23C82C572D9C0052D756 /* BumbleChatsView.swift */,
			);
			path = Core;
			sourceTree = "<group>";
		};
		0E8CBAE42C54EBBC001409EB = {
			isa = PBXGroup;
			children = (
				0E8CBAEF2C54EBBC001409EB /* ReUI */,
				0E8CBAEE2C54EBBC001409EB /* Products */,
			);
			sourceTree = "<group>";
		};
		0E8CBAEE2C54EBBC001409EB /* Products */ = {
			isa = PBXGroup;
			children = (
				0E8CBAED2C54EBBC001409EB /* ReUI.app */,
			);
			name = Products;
			sourceTree = "<group>";
		};
		0E8CBAEF2C54EBBC001409EB /* ReUI */ = {
			isa = PBXGroup;
			children = (
				0E8CBAF02C54EBBC001409EB /* ReUIApp.swift */,
				0E8CBAF22C54EBBC001409EB /* ContentView.swift */,
				0E8CBB152C54FD9A001409EB /* Assets.xcassets */,
				0E9B7BEC2C57F4D80042C345 /* Netflix */,
				0E302D692C56B1330095B493 /* Bumble */,
				0E8CBB182C54FDF6001409EB /* Spotify */,
				0E8CBAFE2C54EBD6001409EB /* Shared */,
				0E8CBAF62C54EBBD001409EB /* Preview Content */,
			);
			path = ReUI;
			sourceTree = "<group>";
		};
		0E8CBAF62C54EBBD001409EB /* Preview Content */ = {
			isa = PBXGroup;
			children = (
				0E8CBAF72C54EBBD001409EB /* Preview Assets.xcassets */,
			);
			path = "Preview Content";
			sourceTree = "<group>";
		};
		0E8CBAFE2C54EBD6001409EB /* Shared */ = {
			isa = PBXGroup;
			children = (
				0E8CBAFF2C54EBEF001409EB /* ImageLoaderView.swift */,
				0E8CBB082C54F1D7001409EB /* DatabaseHelper.swift */,
				0E8CBB0C2C54F441001409EB /* User.swift */,
				0E8CBB0A2C54F2FE001409EB /* Product.swift */,
				0E8CBB062C54EDB2001409EB /* Constants.swift */,
			);
			path = Shared;
			sourceTree = "<group>";
		};
		0E8CBB182C54FDF6001409EB /* Spotify */ = {
			isa = PBXGroup;
			children = (
				0E8CBB1B2C54FE36001409EB /* Core */,
				0E8CBB1A2C54FE1A001409EB /* Models */,
				0E8CBB192C54FE12001409EB /* Components */,
			);
			path = Spotify;
			sourceTree = "<group>";
		};
		0E8CBB192C54FE12001409EB /* Components */ = {
			isa = PBXGroup;
			children = (
				0E0D616C2C55A720008823CC /* SpotifyNewReleaseCell.swift */,
				0E0D61722C55D733008823CC /* PlaylistHeaderCell.swift */,
				0E2147082C55E7DF003ACAC4 /* PlaylistDescriptionCell.swift */,
				0E8CBB202C5501DD001409EB /* SpotifyCategoryCell.swift */,
				0E0D616A2C55A165008823CC /* SpotifyRecentsCell.swift */,
				0E21470A2C55ED44003ACAC4 /* SongRowCell.swift */,
				0E0D616E2C55CB7E008823CC /* ImageTitleRowCell.swift */,
			);
			path = Components;
			sourceTree = "<group>";
		};
		0E8CBB1A2C54FE1A001409EB /* Models */ = {
			isa = PBXGroup;
			children = (
				0E8CBB1E2C54FE56001409EB /* Category.swift */,
			);
			path = Models;
			sourceTree = "<group>";
		};
		0E8CBB1B2C54FE36001409EB /* Core */ = {
			isa = PBXGroup;
			children = (
				0E8CBB1C2C54FE48001409EB /* SpotifyHomeView.swift */,
				0E0D61702C55D711008823CC /* SpotifyPlaylistView.swift */,
			);
			path = Core;
			sourceTree = "<group>";
		};
		0E9B7BEC2C57F4D80042C345 /* Netflix */ = {
			isa = PBXGroup;
			children = (
				0E9B7BEE2C57F4ED0042C345 /* Components */,
				0E9B7BED2C57F4E70042C345 /* Core */,
			);
			path = Netflix;
			sourceTree = "<group>";
		};
		0E9B7BED2C57F4E70042C345 /* Core */ = {
			isa = PBXGroup;
			children = (
				0E636F412C57F6B9007E22CC /* NetflixHomeView.swift */,
				0EC0A4442C594EB00012A1D1 /* NetflixMovieDetailsView.swift */,
			);
			path = Core;
			sourceTree = "<group>";
		};
		0E9B7BEE2C57F4ED0042C345 /* Components */ = {
			isa = PBXGroup;
			children = (
				0E636F432C57F7AE007E22CC /* NetflixFilterCell.swift */,
				0E636F452C57F92C007E22CC /* NetflixFilterBarView.swift */,
				0E8845982C5813DE00225AC9 /* NetflixHeroCell.swift */,
				0E88459A2C581CDB00225AC9 /* NetflixMovieCell.swift */,
				0EC0A4462C594F140012A1D1 /* NetflixDetailsHeaderView.swift */,
				0EC0A4482C5951A20012A1D1 /* NetflixDetailsProductView.swift */,
				0EC0A44A2C5957020012A1D1 /* MyListButton.swift */,
				0EC0A44C2C5958340012A1D1 /* RateButton.swift */,
				0EC0A44E2C5959AB0012A1D1 /* ShareButton.swift */,
			);
			path = Components;
			sourceTree = "<group>";
		};
/* End PBXGroup section */

/* Begin PBXNativeTarget section */
		0E8CBAEC2C54EBBC001409EB /* ReUI */ = {
			isa = PBXNativeTarget;
			buildConfigurationList = 0E8CBAFB2C54EBBD001409EB /* Build configuration list for PBXNativeTarget "ReUI" */;
			buildPhases = (
				0E8CBAE92C54EBBC001409EB /* Sources */,
				0E8CBAEA2C54EBBC001409EB /* Frameworks */,
				0E8CBAEB2C54EBBC001409EB /* Resources */,
			);
			buildRules = (
			);
			dependencies = (
			);
			name = ReUI;
			packageProductDependencies = (
				0E8CBB022C54ECAC001409EB /* SDWebImage */,
				0E8CBB042C54ECAC001409EB /* SDWebImageMapKit */,
				0E8CBB0F2C54F630001409EB /* SwiftfulRouting */,
				0E8CBB122C54F668001409EB /* SwiftfulUI */,
			);
			productName = ReUI;
			productReference = 0E8CBAED2C54EBBC001409EB /* ReUI.app */;
			productType = "com.apple.product-type.application";
		};
/* End PBXNativeTarget section */

/* Begin PBXProject section */
		0E8CBAE52C54EBBC001409EB /* Project object */ = {
			isa = PBXProject;
			attributes = {
				BuildIndependentTargetsInParallel = 1;
				LastSwiftUpdateCheck = 1540;
				LastUpgradeCheck = 1540;
				TargetAttributes = {
					0E8CBAEC2C54EBBC001409EB = {
						CreatedOnToolsVersion = 15.4;
					};
				};
			};
			buildConfigurationList = 0E8CBAE82C54EBBC001409EB /* Build configuration list for PBXProject "ReUI" */;
			compatibilityVersion = "Xcode 14.0";
			developmentRegion = en;
			hasScannedForEncodings = 0;
			knownRegions = (
				en,
				Base,
			);
			mainGroup = 0E8CBAE42C54EBBC001409EB;
			packageReferences = (
				0E8CBB012C54ECAC001409EB /* XCRemoteSwiftPackageReference "SDWebImage" */,
				0E8CBB0E2C54F630001409EB /* XCRemoteSwiftPackageReference "SwiftfulRouting" */,
				0E8CBB112C54F668001409EB /* XCRemoteSwiftPackageReference "SwiftfulUI" */,
			);
			productRefGroup = 0E8CBAEE2C54EBBC001409EB /* Products */;
			projectDirPath = "";
			projectRoot = "";
			targets = (
				0E8CBAEC2C54EBBC001409EB /* ReUI */,
			);
		};
/* End PBXProject section */

/* Begin PBXResourcesBuildPhase section */
		0E8CBAEB2C54EBBC001409EB /* Resources */ = {
			isa = PBXResourcesBuildPhase;
			buildActionMask = 2147483647;
			files = (
				0E8CBB162C54FD9A001409EB /* Assets.xcassets in Resources */,
				0E8CBAF82C54EBBD001409EB /* Preview Assets.xcassets in Resources */,
			);
			runOnlyForDeploymentPostprocessing = 0;
		};
/* End PBXResourcesBuildPhase section */

/* Begin PBXSourcesBuildPhase section */
		0E8CBAE92C54EBBC001409EB /* Sources */ = {
			isa = PBXSourcesBuildPhase;
			buildActionMask = 2147483647;
			files = (
				0E8CBB002C54EBEF001409EB /* ImageLoaderView.swift in Sources */,
				0E8CBB092C54F1D7001409EB /* DatabaseHelper.swift in Sources */,
				0E8CBB1D2C54FE48001409EB /* SpotifyHomeView.swift in Sources */,
				0E17545A2C56D42600A0AAF9 /* InterestPillView.swift in Sources */,
				0E302D712C56BABC0095B493 /* BumbleCardView.swift in Sources */,
				0E0D616D2C55A720008823CC /* SpotifyNewReleaseCell.swift in Sources */,
				0E302D6D2C56B16B0095B493 /* BumbleHomeView.swift in Sources */,
				0E0D61732C55D733008823CC /* PlaylistHeaderCell.swift in Sources */,
				0EC0A44B2C5957020012A1D1 /* MyListButton.swift in Sources */,
				0E8CBAF32C54EBBC001409EB /* ContentView.swift in Sources */,
				0E8CBAF12C54EBBC001409EB /* ReUIApp.swift in Sources */,
				0E17545C2C56D57200A0AAF9 /* InterestPillGridView.swift in Sources */,
				0E0D616F2C55CB7E008823CC /* ImageTitleRowCell.swift in Sources */,
				0E0D61712C55D711008823CC /* SpotifyPlaylistView.swift in Sources */,
				0E636F462C57F92C007E22CC /* NetflixFilterBarView.swift in Sources */,
				0E8CBB1F2C54FE56001409EB /* Category.swift in Sources */,
				0E8CBB212C5501DD001409EB /* SpotifyCategoryCell.swift in Sources */,
				0EC0A4472C594F140012A1D1 /* NetflixDetailsHeaderView.swift in Sources */,
				0E6E23C72C572B540052D756 /* BumbleChatPreviewCell.swift in Sources */,
				0E8CBB072C54EDB2001409EB /* Constants.swift in Sources */,
				0E0D616B2C55A165008823CC /* SpotifyRecentsCell.swift in Sources */,
				0EC0A4452C594EB10012A1D1 /* NetflixMovieDetailsView.swift in Sources */,
				0E88459B2C581CDB00225AC9 /* NetflixMovieCell.swift in Sources */,
				0EC0A44D2C5958340012A1D1 /* RateButton.swift in Sources */,
				0E8CBB0B2C54F2FE001409EB /* Product.swift in Sources */,
				0E8845992C5813DE00225AC9 /* NetflixHeroCell.swift in Sources */,
				0E6E23C52C5729360052D756 /* BumbleProfileImageCell.swift in Sources */,
				0E636F422C57F6B9007E22CC /* NetflixHomeView.swift in Sources */,
				0EC0A4492C5951A20012A1D1 /* NetflixDetailsProductView.swift in Sources */,
				0E302D6F2C56B5720095B493 /* BumbleFilterView.swift in Sources */,
				0E636F442C57F7AE007E22CC /* NetflixFilterCell.swift in Sources */,
				0E6E23C92C572D9C0052D756 /* BumbleChatsView.swift in Sources */,
				0EC0A44F2C5959AB0012A1D1 /* ShareButton.swift in Sources */,
				0E21470B2C55ED44003ACAC4 /* SongRowCell.swift in Sources */,
				0E302D732C56BCF60095B493 /* BumbleHeartView.swift in Sources */,
				0E2147092C55E7DF003ACAC4 /* PlaylistDescriptionCell.swift in Sources */,
				0E8CBB0D2C54F441001409EB /* User.swift in Sources */,
			);
			runOnlyForDeploymentPostprocessing = 0;
		};
/* End PBXSourcesBuildPhase section */

/* Begin XCBuildConfiguration section */
		0E8CBAF92C54EBBD001409EB /* Debug */ = {
			isa = XCBuildConfiguration;
			buildSettings = {
				ALWAYS_SEARCH_USER_PATHS = NO;
				ASSETCATALOG_COMPILER_GENERATE_SWIFT_ASSET_SYMBOL_EXTENSIONS = YES;
				CLANG_ANALYZER_NONNULL = YES;
				CLANG_ANALYZER_NUMBER_OBJECT_CONVERSION = YES_AGGRESSIVE;
				CLANG_CXX_LANGUAGE_STANDARD = "gnu++20";
				CLANG_ENABLE_MODULES = YES;
				CLANG_ENABLE_OBJC_ARC = YES;
				CLANG_ENABLE_OBJC_WEAK = YES;
				CLANG_WARN_BLOCK_CAPTURE_AUTORELEASING = YES;
				CLANG_WARN_BOOL_CONVERSION = YES;
				CLANG_WARN_COMMA = YES;
				CLANG_WARN_CONSTANT_CONVERSION = YES;
				CLANG_WARN_DEPRECATED_OBJC_IMPLEMENTATIONS = YES;
				CLANG_WARN_DIRECT_OBJC_ISA_USAGE = YES_ERROR;
				CLANG_WARN_DOCUMENTATION_COMMENTS = YES;
				CLANG_WARN_EMPTY_BODY = YES;
				CLANG_WARN_ENUM_CONVERSION = YES;
				CLANG_WARN_INFINITE_RECURSION = YES;
				CLANG_WARN_INT_CONVERSION = YES;
				CLANG_WARN_NON_LITERAL_NULL_CONVERSION = YES;
				CLANG_WARN_OBJC_IMPLICIT_RETAIN_SELF = YES;
				CLANG_WARN_OBJC_LITERAL_CONVERSION = YES;
				CLANG_WARN_OBJC_ROOT_CLASS = YES_ERROR;
				CLANG_WARN_QUOTED_INCLUDE_IN_FRAMEWORK_HEADER = YES;
				CLANG_WARN_RANGE_LOOP_ANALYSIS = YES;
				CLANG_WARN_STRICT_PROTOTYPES = YES;
				CLANG_WARN_SUSPICIOUS_MOVE = YES;
				CLANG_WARN_UNGUARDED_AVAILABILITY = YES_AGGRESSIVE;
				CLANG_WARN_UNREACHABLE_CODE = YES;
				CLANG_WARN__DUPLICATE_METHOD_MATCH = YES;
				COPY_PHASE_STRIP = NO;
				DEBUG_INFORMATION_FORMAT = dwarf;
				ENABLE_STRICT_OBJC_MSGSEND = YES;
				ENABLE_TESTABILITY = YES;
				ENABLE_USER_SCRIPT_SANDBOXING = YES;
				GCC_C_LANGUAGE_STANDARD = gnu17;
				GCC_DYNAMIC_NO_PIC = NO;
				GCC_NO_COMMON_BLOCKS = YES;
				GCC_OPTIMIZATION_LEVEL = 0;
				GCC_PREPROCESSOR_DEFINITIONS = (
					"DEBUG=1",
					"$(inherited)",
				);
				GCC_WARN_64_TO_32_BIT_CONVERSION = YES;
				GCC_WARN_ABOUT_RETURN_TYPE = YES_ERROR;
				GCC_WARN_UNDECLARED_SELECTOR = YES;
				GCC_WARN_UNINITIALIZED_AUTOS = YES_AGGRESSIVE;
				GCC_WARN_UNUSED_FUNCTION = YES;
				GCC_WARN_UNUSED_VARIABLE = YES;
				IPHONEOS_DEPLOYMENT_TARGET = 17.5;
				LOCALIZATION_PREFERS_STRING_CATALOGS = YES;
				MTL_ENABLE_DEBUG_INFO = INCLUDE_SOURCE;
				MTL_FAST_MATH = YES;
				ONLY_ACTIVE_ARCH = YES;
				SDKROOT = iphoneos;
				SWIFT_ACTIVE_COMPILATION_CONDITIONS = "DEBUG $(inherited)";
				SWIFT_OPTIMIZATION_LEVEL = "-Onone";
			};
			name = Debug;
		};
		0E8CBAFA2C54EBBD001409EB /* Release */ = {
			isa = XCBuildConfiguration;
			buildSettings = {
				ALWAYS_SEARCH_USER_PATHS = NO;
				ASSETCATALOG_COMPILER_GENERATE_SWIFT_ASSET_SYMBOL_EXTENSIONS = YES;
				CLANG_ANALYZER_NONNULL = YES;
				CLANG_ANALYZER_NUMBER_OBJECT_CONVERSION = YES_AGGRESSIVE;
				CLANG_CXX_LANGUAGE_STANDARD = "gnu++20";
				CLANG_ENABLE_MODULES = YES;
				CLANG_ENABLE_OBJC_ARC = YES;
				CLANG_ENABLE_OBJC_WEAK = YES;
				CLANG_WARN_BLOCK_CAPTURE_AUTORELEASING = YES;
				CLANG_WARN_BOOL_CONVERSION = YES;
				CLANG_WARN_COMMA = YES;
				CLANG_WARN_CONSTANT_CONVERSION = YES;
				CLANG_WARN_DEPRECATED_OBJC_IMPLEMENTATIONS = YES;
				CLANG_WARN_DIRECT_OBJC_ISA_USAGE = YES_ERROR;
				CLANG_WARN_DOCUMENTATION_COMMENTS = YES;
				CLANG_WARN_EMPTY_BODY = YES;
				CLANG_WARN_ENUM_CONVERSION = YES;
				CLANG_WARN_INFINITE_RECURSION = YES;
				CLANG_WARN_INT_CONVERSION = YES;
				CLANG_WARN_NON_LITERAL_NULL_CONVERSION = YES;
				CLANG_WARN_OBJC_IMPLICIT_RETAIN_SELF = YES;
				CLANG_WARN_OBJC_LITERAL_CONVERSION = YES;
				CLANG_WARN_OBJC_ROOT_CLASS = YES_ERROR;
				CLANG_WARN_QUOTED_INCLUDE_IN_FRAMEWORK_HEADER = YES;
				CLANG_WARN_RANGE_LOOP_ANALYSIS = YES;
				CLANG_WARN_STRICT_PROTOTYPES = YES;
				CLANG_WARN_SUSPICIOUS_MOVE = YES;
				CLANG_WARN_UNGUARDED_AVAILABILITY = YES_AGGRESSIVE;
				CLANG_WARN_UNREACHABLE_CODE = YES;
				CLANG_WARN__DUPLICATE_METHOD_MATCH = YES;
				COPY_PHASE_STRIP = NO;
				DEBUG_INFORMATION_FORMAT = "dwarf-with-dsym";
				ENABLE_NS_ASSERTIONS = NO;
				ENABLE_STRICT_OBJC_MSGSEND = YES;
				ENABLE_USER_SCRIPT_SANDBOXING = YES;
				GCC_C_LANGUAGE_STANDARD = gnu17;
				GCC_NO_COMMON_BLOCKS = YES;
				GCC_WARN_64_TO_32_BIT_CONVERSION = YES;
				GCC_WARN_ABOUT_RETURN_TYPE = YES_ERROR;
				GCC_WARN_UNDECLARED_SELECTOR = YES;
				GCC_WARN_UNINITIALIZED_AUTOS = YES_AGGRESSIVE;
				GCC_WARN_UNUSED_FUNCTION = YES;
				GCC_WARN_UNUSED_VARIABLE = YES;
				IPHONEOS_DEPLOYMENT_TARGET = 17.5;
				LOCALIZATION_PREFERS_STRING_CATALOGS = YES;
				MTL_ENABLE_DEBUG_INFO = NO;
				MTL_FAST_MATH = YES;
				SDKROOT = iphoneos;
				SWIFT_COMPILATION_MODE = wholemodule;
				VALIDATE_PRODUCT = YES;
			};
			name = Release;
		};
		0E8CBAFC2C54EBBD001409EB /* Debug */ = {
			isa = XCBuildConfiguration;
			buildSettings = {
				ASSETCATALOG_COMPILER_APPICON_NAME = AppIcon;
				ASSETCATALOG_COMPILER_GLOBAL_ACCENT_COLOR_NAME = AccentColor;
				CODE_SIGN_STYLE = Automatic;
				CURRENT_PROJECT_VERSION = 1;
				DEVELOPMENT_ASSET_PATHS = "\"ReUI/Preview Content\"";
				DEVELOPMENT_TEAM = FJJB79XVG4;
				ENABLE_PREVIEWS = YES;
				GENERATE_INFOPLIST_FILE = YES;
				INFOPLIST_KEY_UIApplicationSceneManifest_Generation = YES;
				INFOPLIST_KEY_UIApplicationSupportsIndirectInputEvents = YES;
				INFOPLIST_KEY_UILaunchScreen_Generation = YES;
				INFOPLIST_KEY_UISupportedInterfaceOrientations_iPad = "UIInterfaceOrientationPortrait UIInterfaceOrientationPortraitUpsideDown UIInterfaceOrientationLandscapeLeft UIInterfaceOrientationLandscapeRight";
				INFOPLIST_KEY_UISupportedInterfaceOrientations_iPhone = "UIInterfaceOrientationPortrait UIInterfaceOrientationLandscapeLeft UIInterfaceOrientationLandscapeRight";
				LD_RUNPATH_SEARCH_PATHS = (
					"$(inherited)",
					"@executable_path/Frameworks",
				);
				MARKETING_VERSION = 1.0;
				PRODUCT_BUNDLE_IDENTIFIER = com.ompreetham.ReUI;
				PRODUCT_NAME = "$(TARGET_NAME)";
				SWIFT_EMIT_LOC_STRINGS = YES;
				SWIFT_VERSION = 5.0;
				TARGETED_DEVICE_FAMILY = "1,2";
			};
			name = Debug;
		};
		0E8CBAFD2C54EBBD001409EB /* Release */ = {
			isa = XCBuildConfiguration;
			buildSettings = {
				ASSETCATALOG_COMPILER_APPICON_NAME = AppIcon;
				ASSETCATALOG_COMPILER_GLOBAL_ACCENT_COLOR_NAME = AccentColor;
				CODE_SIGN_STYLE = Automatic;
				CURRENT_PROJECT_VERSION = 1;
				DEVELOPMENT_ASSET_PATHS = "\"ReUI/Preview Content\"";
				DEVELOPMENT_TEAM = FJJB79XVG4;
				ENABLE_PREVIEWS = YES;
				GENERATE_INFOPLIST_FILE = YES;
				INFOPLIST_KEY_UIApplicationSceneManifest_Generation = YES;
				INFOPLIST_KEY_UIApplicationSupportsIndirectInputEvents = YES;
				INFOPLIST_KEY_UILaunchScreen_Generation = YES;
				INFOPLIST_KEY_UISupportedInterfaceOrientations_iPad = "UIInterfaceOrientationPortrait UIInterfaceOrientationPortraitUpsideDown UIInterfaceOrientationLandscapeLeft UIInterfaceOrientationLandscapeRight";
				INFOPLIST_KEY_UISupportedInterfaceOrientations_iPhone = "UIInterfaceOrientationPortrait UIInterfaceOrientationLandscapeLeft UIInterfaceOrientationLandscapeRight";
				LD_RUNPATH_SEARCH_PATHS = (
					"$(inherited)",
					"@executable_path/Frameworks",
				);
				MARKETING_VERSION = 1.0;
				PRODUCT_BUNDLE_IDENTIFIER = com.ompreetham.ReUI;
				PRODUCT_NAME = "$(TARGET_NAME)";
				SWIFT_EMIT_LOC_STRINGS = YES;
				SWIFT_VERSION = 5.0;
				TARGETED_DEVICE_FAMILY = "1,2";
			};
			name = Release;
		};
/* End XCBuildConfiguration section */

/* Begin XCConfigurationList section */
		0E8CBAE82C54EBBC001409EB /* Build configuration list for PBXProject "ReUI" */ = {
			isa = XCConfigurationList;
			buildConfigurations = (
				0E8CBAF92C54EBBD001409EB /* Debug */,
				0E8CBAFA2C54EBBD001409EB /* Release */,
			);
			defaultConfigurationIsVisible = 0;
			defaultConfigurationName = Release;
		};
		0E8CBAFB2C54EBBD001409EB /* Build configuration list for PBXNativeTarget "ReUI" */ = {
			isa = XCConfigurationList;
			buildConfigurations = (
				0E8CBAFC2C54EBBD001409EB /* Debug */,
				0E8CBAFD2C54EBBD001409EB /* Release */,
			);
			defaultConfigurationIsVisible = 0;
			defaultConfigurationName = Release;
		};
/* End XCConfigurationList section */

/* Begin XCRemoteSwiftPackageReference section */
		0E8CBB012C54ECAC001409EB /* XCRemoteSwiftPackageReference "SDWebImage" */ = {
			isa = XCRemoteSwiftPackageReference;
			repositoryURL = "https://github.com/SDWebImage/SDWebImage.git";
			requirement = {
				kind = upToNextMajorVersion;
				minimumVersion = 5.19.5;
			};
		};
		0E8CBB0E2C54F630001409EB /* XCRemoteSwiftPackageReference "SwiftfulRouting" */ = {
			isa = XCRemoteSwiftPackageReference;
			repositoryURL = "https://github.com/SwiftfulThinking/SwiftfulRouting.git";
			requirement = {
				kind = upToNextMajorVersion;
				minimumVersion = 5.3.5;
			};
		};
		0E8CBB112C54F668001409EB /* XCRemoteSwiftPackageReference "SwiftfulUI" */ = {
			isa = XCRemoteSwiftPackageReference;
			repositoryURL = "https://github.com/SwiftfulThinking/SwiftfulUI.git";
			requirement = {
				kind = upToNextMajorVersion;
				minimumVersion = 1.2.0;
			};
		};
/* End XCRemoteSwiftPackageReference section */

/* Begin XCSwiftPackageProductDependency section */
		0E8CBB022C54ECAC001409EB /* SDWebImage */ = {
			isa = XCSwiftPackageProductDependency;
			package = 0E8CBB012C54ECAC001409EB /* XCRemoteSwiftPackageReference "SDWebImage" */;
			productName = SDWebImage;
		};
		0E8CBB042C54ECAC001409EB /* SDWebImageMapKit */ = {
			isa = XCSwiftPackageProductDependency;
			package = 0E8CBB012C54ECAC001409EB /* XCRemoteSwiftPackageReference "SDWebImage" */;
			productName = SDWebImageMapKit;
		};
		0E8CBB0F2C54F630001409EB /* SwiftfulRouting */ = {
			isa = XCSwiftPackageProductDependency;
			package = 0E8CBB0E2C54F630001409EB /* XCRemoteSwiftPackageReference "SwiftfulRouting" */;
			productName = SwiftfulRouting;
		};
		0E8CBB122C54F668001409EB /* SwiftfulUI */ = {
			isa = XCSwiftPackageProductDependency;
			package = 0E8CBB112C54F668001409EB /* XCRemoteSwiftPackageReference "SwiftfulUI" */;
			productName = SwiftfulUI;
		};
/* End XCSwiftPackageProductDependency section */
	};
	rootObject = 0E8CBAE52C54EBBC001409EB /* Project object */;
}
